// !$*UTF8*$!
{
	archiveVersion = 1;
	classes = {
	};
	objectVersion = 56;
	objects = {

/* Begin PBXBuildFile section */
		7D138EC52ABAE51500743828 /* GoogleService-Info.plist in Resources */ = {isa = PBXBuildFile; fileRef = 7D138EC42ABAE51500743828 /* GoogleService-Info.plist */; };
		7D138EC82ABAE63D00743828 /* FirebaseAnalytics in Frameworks */ = {isa = PBXBuildFile; productRef = 7D138EC72ABAE63D00743828 /* FirebaseAnalytics */; };
		7D138ECA2ABAE63D00743828 /* FirebaseAnalyticsSwift in Frameworks */ = {isa = PBXBuildFile; productRef = 7D138EC92ABAE63D00743828 /* FirebaseAnalyticsSwift */; };
		7D138ECC2ABAE63D00743828 /* FirebaseAnalyticsWithoutAdIdSupport in Frameworks */ = {isa = PBXBuildFile; productRef = 7D138ECB2ABAE63D00743828 /* FirebaseAnalyticsWithoutAdIdSupport */; };
		7D138ECE2ABAE63D00743828 /* FirebaseDatabase in Frameworks */ = {isa = PBXBuildFile; productRef = 7D138ECD2ABAE63D00743828 /* FirebaseDatabase */; };
		7D138ED02ABAE63D00743828 /* FirebaseDatabaseSwift in Frameworks */ = {isa = PBXBuildFile; productRef = 7D138ECF2ABAE63D00743828 /* FirebaseDatabaseSwift */; };
		7D138ED22ABC1F6F00743828 /* PurchaseView.swift in Sources */ = {isa = PBXBuildFile; fileRef = 7D138ED12ABC1F6F00743828 /* PurchaseView.swift */; };
		7D138ED42ABC339000743828 /* PurchaseVC.swift in Sources */ = {isa = PBXBuildFile; fileRef = 7D138ED32ABC339000743828 /* PurchaseVC.swift */; };
		7D138ED62ABC506000743828 /* TestVC.swift in Sources */ = {isa = PBXBuildFile; fileRef = 7D138ED52ABC506000743828 /* TestVC.swift */; };
		7D138ED82ABC537100743828 /* AnimateTransition.swift in Sources */ = {isa = PBXBuildFile; fileRef = 7D138ED72ABC537100743828 /* AnimateTransition.swift */; };
		7D138EDA2ABC545500743828 /* AnimateController.swift in Sources */ = {isa = PBXBuildFile; fileRef = 7D138ED92ABC545500743828 /* AnimateController.swift */; };
		7D6575A42AA9B6A000245E7E /* AppDelegate.swift in Sources */ = {isa = PBXBuildFile; fileRef = 7D6575A32AA9B6A000245E7E /* AppDelegate.swift */; };
		7D6575A62AA9B6A000245E7E /* SceneDelegate.swift in Sources */ = {isa = PBXBuildFile; fileRef = 7D6575A52AA9B6A000245E7E /* SceneDelegate.swift */; };
		7D6575A82AA9B6A000245E7E /* TestViewController.swift in Sources */ = {isa = PBXBuildFile; fileRef = 7D6575A72AA9B6A000245E7E /* TestViewController.swift */; };
		7D6575AB2AA9B6A000245E7E /* Main.storyboard in Resources */ = {isa = PBXBuildFile; fileRef = 7D6575A92AA9B6A000245E7E /* Main.storyboard */; };
		7D6575AD2AA9B6A400245E7E /* Assets.xcassets in Resources */ = {isa = PBXBuildFile; fileRef = 7D6575AC2AA9B6A400245E7E /* Assets.xcassets */; };
		7D6575B02AA9B6A400245E7E /* LaunchScreen.storyboard in Resources */ = {isa = PBXBuildFile; fileRef = 7D6575AE2AA9B6A400245E7E /* LaunchScreen.storyboard */; };
		7D6575C82AA9BFF400245E7E /* StoreDetailVC.swift in Sources */ = {isa = PBXBuildFile; fileRef = 7D6575C72AA9BFF400245E7E /* StoreDetailVC.swift */; };
		7D915BCA2AAAFC9000910D5C /* FirebaseCRUD.swift in Sources */ = {isa = PBXBuildFile; fileRef = 7D915BC92AAAFC9000910D5C /* FirebaseCRUD.swift */; };
		7DB872FF2AC55147002A10E8 /* coffeeShop.jpg in Resources */ = {isa = PBXBuildFile; fileRef = 7DB872FE2AC55147002A10E8 /* coffeeShop.jpg */; };
		7DB873012AC551C1002A10E8 /* product1.jpeg in Resources */ = {isa = PBXBuildFile; fileRef = 7DB873002AC551C1002A10E8 /* product1.jpeg */; };
		7DB873032AC7DBC2002A10E8 /* product2.png in Resources */ = {isa = PBXBuildFile; fileRef = 7DB873022AC7DBC2002A10E8 /* product2.png */; };
		7DB873072AC7EC91002A10E8 /* RoyHappy.jpg in Resources */ = {isa = PBXBuildFile; fileRef = 7DB873042AC7EC90002A10E8 /* RoyHappy.jpg */; };
		7DB873082AC7EC91002A10E8 /* RoyYa.jpg in Resources */ = {isa = PBXBuildFile; fileRef = 7DB873052AC7EC90002A10E8 /* RoyYa.jpg */; };
		7DB873092AC7EC91002A10E8 /* Roy&Wong.jpg in Resources */ = {isa = PBXBuildFile; fileRef = 7DB873062AC7EC91002A10E8 /* Roy&Wong.jpg */; };
		7DB8730D2AC819E9002A10E8 /* TestDownloadVC.swift in Sources */ = {isa = PBXBuildFile; fileRef = 7DB8730C2AC819E9002A10E8 /* TestDownloadVC.swift */; };
		7DCE5DB52AB9381100EBF851 /* white_cat_and_dog.jpg in Resources */ = {isa = PBXBuildFile; fileRef = 7DCE5DB42AB9381100EBF851 /* white_cat_and_dog.jpg */; };
		7DCE5DB72AB9382300EBF851 /* Genshin_activate.jpeg in Resources */ = {isa = PBXBuildFile; fileRef = 7DCE5DB62AB9382300EBF851 /* Genshin_activate.jpeg */; };
		7DCE5DBA2AB940C600EBF851 /* women.jpg in Resources */ = {isa = PBXBuildFile; fileRef = 7DCE5DB92AB940C500EBF851 /* women.jpg */; };
		7DCE5DBC2AB944B300EBF851 /* ProductDetailVC.swift in Sources */ = {isa = PBXBuildFile; fileRef = 7DCE5DBB2AB944B300EBF851 /* ProductDetailVC.swift */; };
		7DE39CAB2AAF040000B4A5E9 /* DataFromFireBase.swift in Sources */ = {isa = PBXBuildFile; fileRef = 7DE39CAA2AAF040000B4A5E9 /* DataFromFireBase.swift */; };
		7DE39CAD2AAFFE9600B4A5E9 /* Login.swift in Sources */ = {isa = PBXBuildFile; fileRef = 7DE39CAC2AAFFE9600B4A5E9 /* Login.swift */; };
/* End PBXBuildFile section */

/* Begin PBXFileReference section */
		7D138EC42ABAE51500743828 /* GoogleService-Info.plist */ = {isa = PBXFileReference; fileEncoding = 4; lastKnownFileType = text.plist.xml; path = "GoogleService-Info.plist"; sourceTree = "<group>"; };
		7D138ED12ABC1F6F00743828 /* PurchaseView.swift */ = {isa = PBXFileReference; lastKnownFileType = sourcecode.swift; path = PurchaseView.swift; sourceTree = "<group>"; };
		7D138ED32ABC339000743828 /* PurchaseVC.swift */ = {isa = PBXFileReference; lastKnownFileType = sourcecode.swift; path = PurchaseVC.swift; sourceTree = "<group>"; };
		7D138ED52ABC506000743828 /* TestVC.swift */ = {isa = PBXFileReference; lastKnownFileType = sourcecode.swift; path = TestVC.swift; sourceTree = "<group>"; };
		7D138ED72ABC537100743828 /* AnimateTransition.swift */ = {isa = PBXFileReference; lastKnownFileType = sourcecode.swift; path = AnimateTransition.swift; sourceTree = "<group>"; };
		7D138ED92ABC545500743828 /* AnimateController.swift */ = {isa = PBXFileReference; lastKnownFileType = sourcecode.swift; path = AnimateController.swift; sourceTree = "<group>"; };
		7D6575A02AA9B6A000245E7E /* Mr.GoodBean.app */ = {isa = PBXFileReference; explicitFileType = wrapper.application; includeInIndex = 0; path = Mr.GoodBean.app; sourceTree = BUILT_PRODUCTS_DIR; };
		7D6575A32AA9B6A000245E7E /* AppDelegate.swift */ = {isa = PBXFileReference; lastKnownFileType = sourcecode.swift; path = AppDelegate.swift; sourceTree = "<group>"; };
		7D6575A52AA9B6A000245E7E /* SceneDelegate.swift */ = {isa = PBXFileReference; lastKnownFileType = sourcecode.swift; path = SceneDelegate.swift; sourceTree = "<group>"; };
		7D6575A72AA9B6A000245E7E /* TestViewController.swift */ = {isa = PBXFileReference; lastKnownFileType = sourcecode.swift; path = TestViewController.swift; sourceTree = "<group>"; };
		7D6575AA2AA9B6A000245E7E /* Base */ = {isa = PBXFileReference; lastKnownFileType = file.storyboard; name = Base; path = Base.lproj/Main.storyboard; sourceTree = "<group>"; };
		7D6575AC2AA9B6A400245E7E /* Assets.xcassets */ = {isa = PBXFileReference; lastKnownFileType = folder.assetcatalog; path = Assets.xcassets; sourceTree = "<group>"; };
		7D6575AF2AA9B6A400245E7E /* Base */ = {isa = PBXFileReference; lastKnownFileType = file.storyboard; name = Base; path = Base.lproj/LaunchScreen.storyboard; sourceTree = "<group>"; };
		7D6575B12AA9B6A400245E7E /* Info.plist */ = {isa = PBXFileReference; lastKnownFileType = text.plist.xml; path = Info.plist; sourceTree = "<group>"; };
		7D6575C72AA9BFF400245E7E /* StoreDetailVC.swift */ = {isa = PBXFileReference; lastKnownFileType = sourcecode.swift; path = StoreDetailVC.swift; sourceTree = "<group>"; };
		7D915BC92AAAFC9000910D5C /* FirebaseCRUD.swift */ = {isa = PBXFileReference; lastKnownFileType = sourcecode.swift; path = FirebaseCRUD.swift; sourceTree = "<group>"; };
		7DB872FE2AC55147002A10E8 /* coffeeShop.jpg */ = {isa = PBXFileReference; lastKnownFileType = image.jpeg; path = coffeeShop.jpg; sourceTree = "<group>"; };
		7DB873002AC551C1002A10E8 /* product1.jpeg */ = {isa = PBXFileReference; lastKnownFileType = image.jpeg; path = product1.jpeg; sourceTree = "<group>"; };
		7DB873022AC7DBC2002A10E8 /* product2.png */ = {isa = PBXFileReference; lastKnownFileType = image.png; path = product2.png; sourceTree = "<group>"; };
		7DB873042AC7EC90002A10E8 /* RoyHappy.jpg */ = {isa = PBXFileReference; lastKnownFileType = image.jpeg; path = RoyHappy.jpg; sourceTree = "<group>"; };
		7DB873052AC7EC90002A10E8 /* RoyYa.jpg */ = {isa = PBXFileReference; lastKnownFileType = image.jpeg; path = RoyYa.jpg; sourceTree = "<group>"; };
		7DB873062AC7EC91002A10E8 /* Roy&Wong.jpg */ = {isa = PBXFileReference; lastKnownFileType = image.jpeg; path = "Roy&Wong.jpg"; sourceTree = "<group>"; };
		7DB8730C2AC819E9002A10E8 /* TestDownloadVC.swift */ = {isa = PBXFileReference; lastKnownFileType = sourcecode.swift; path = TestDownloadVC.swift; sourceTree = "<group>"; };
		7DCE5DB42AB9381100EBF851 /* white_cat_and_dog.jpg */ = {isa = PBXFileReference; lastKnownFileType = image.jpeg; path = white_cat_and_dog.jpg; sourceTree = "<group>"; };
		7DCE5DB62AB9382300EBF851 /* Genshin_activate.jpeg */ = {isa = PBXFileReference; lastKnownFileType = image.jpeg; path = Genshin_activate.jpeg; sourceTree = "<group>"; };
		7DCE5DB92AB940C500EBF851 /* women.jpg */ = {isa = PBXFileReference; lastKnownFileType = image.jpeg; path = women.jpg; sourceTree = "<group>"; };
		7DCE5DBB2AB944B300EBF851 /* ProductDetailVC.swift */ = {isa = PBXFileReference; lastKnownFileType = sourcecode.swift; path = ProductDetailVC.swift; sourceTree = "<group>"; };
		7DE39CAA2AAF040000B4A5E9 /* DataFromFireBase.swift */ = {isa = PBXFileReference; lastKnownFileType = sourcecode.swift; path = DataFromFireBase.swift; sourceTree = "<group>"; };
		7DE39CAC2AAFFE9600B4A5E9 /* Login.swift */ = {isa = PBXFileReference; lastKnownFileType = sourcecode.swift; path = Login.swift; sourceTree = "<group>"; };
/* End PBXFileReference section */

/* Begin PBXFrameworksBuildPhase section */
		7D65759D2AA9B6A000245E7E /* Frameworks */ = {
			isa = PBXFrameworksBuildPhase;
			buildActionMask = 2147483647;
			files = (
				7D138ED02ABAE63D00743828 /* FirebaseDatabaseSwift in Frameworks */,
				7D138ECA2ABAE63D00743828 /* FirebaseAnalyticsSwift in Frameworks */,
				7D138ECC2ABAE63D00743828 /* FirebaseAnalyticsWithoutAdIdSupport in Frameworks */,
				7D138ECE2ABAE63D00743828 /* FirebaseDatabase in Frameworks */,
				7D138EC82ABAE63D00743828 /* FirebaseAnalytics in Frameworks */,
			);
			runOnlyForDeploymentPostprocessing = 0;
		};
/* End PBXFrameworksBuildPhase section */

/* Begin PBXGroup section */
		7D6575972AA9B6A000245E7E = {
			isa = PBXGroup;
			children = (
				7D6575A22AA9B6A000245E7E /* Mr.GoodBean */,
				7D6575A12AA9B6A000245E7E /* Products */,
			);
			sourceTree = "<group>";
		};
		7D6575A12AA9B6A000245E7E /* Products */ = {
			isa = PBXGroup;
			children = (
				7D6575A02AA9B6A000245E7E /* Mr.GoodBean.app */,
			);
			name = Products;
			sourceTree = "<group>";
		};
		7D6575A22AA9B6A000245E7E /* Mr.GoodBean */ = {
			isa = PBXGroup;
			children = (
				7D6575A32AA9B6A000245E7E /* AppDelegate.swift */,
				7D6575A52AA9B6A000245E7E /* SceneDelegate.swift */,
				7DCE5DB32AB9363100EBF851 /* Communicator */,
				7D6575C62AA9B98D00245E7E /* Model */,
				7D6575C42AA9B96B00245E7E /* Controller */,
				7D6575A92AA9B6A000245E7E /* Main.storyboard */,
				7D6575AC2AA9B6A400245E7E /* Assets.xcassets */,
				7D6575AE2AA9B6A400245E7E /* LaunchScreen.storyboard */,
				7D6575B12AA9B6A400245E7E /* Info.plist */,
				7D138EC42ABAE51500743828 /* GoogleService-Info.plist */,
				7DCE5DB42AB9381100EBF851 /* white_cat_and_dog.jpg */,
				7DCE5DB62AB9382300EBF851 /* Genshin_activate.jpeg */,
				7DCE5DB92AB940C500EBF851 /* women.jpg */,
				7DB872FE2AC55147002A10E8 /* coffeeShop.jpg */,
				7DB873002AC551C1002A10E8 /* product1.jpeg */,
				7DB873022AC7DBC2002A10E8 /* product2.png */,
				7DB873042AC7EC90002A10E8 /* RoyHappy.jpg */,
				7DB873052AC7EC90002A10E8 /* RoyYa.jpg */,
				7DB873062AC7EC91002A10E8 /* Roy&Wong.jpg */,
			);
			path = Mr.GoodBean;
			sourceTree = "<group>";
		};
		7D6575C42AA9B96B00245E7E /* Controller */ = {
			isa = PBXGroup;
			children = (
				7D6575A72AA9B6A000245E7E /* TestViewController.swift */,
				7DB8730C2AC819E9002A10E8 /* TestDownloadVC.swift */,
				7D6575C72AA9BFF400245E7E /* StoreDetailVC.swift */,
				7DCE5DBB2AB944B300EBF851 /* ProductDetailVC.swift */,
				7D138ED12ABC1F6F00743828 /* PurchaseView.swift */,
				7D138ED32ABC339000743828 /* PurchaseVC.swift */,
				7D138ED52ABC506000743828 /* TestVC.swift */,
				7D138ED72ABC537100743828 /* AnimateTransition.swift */,
				7D138ED92ABC545500743828 /* AnimateController.swift */,
			);
			path = Controller;
			sourceTree = "<group>";
		};
		7D6575C62AA9B98D00245E7E /* Model */ = {
			isa = PBXGroup;
			children = (
				7DE39CAA2AAF040000B4A5E9 /* DataFromFireBase.swift */,
			);
			path = Model;
			sourceTree = "<group>";
		};
		7DCE5DB32AB9363100EBF851 /* Communicator */ = {
			isa = PBXGroup;
			children = (
				7D915BC92AAAFC9000910D5C /* FirebaseCRUD.swift */,
				7DE39CAC2AAFFE9600B4A5E9 /* Login.swift */,
			);
			path = Communicator;
			sourceTree = "<group>";
		};
/* End PBXGroup section */

/* Begin PBXNativeTarget section */
		7D65759F2AA9B6A000245E7E /* Mr.GoodBean */ = {
			isa = PBXNativeTarget;
			buildConfigurationList = 7D6575B42AA9B6A400245E7E /* Build configuration list for PBXNativeTarget "Mr.GoodBean" */;
			buildPhases = (
				7D65759C2AA9B6A000245E7E /* Sources */,
				7D65759D2AA9B6A000245E7E /* Frameworks */,
				7D65759E2AA9B6A000245E7E /* Resources */,
			);
			buildRules = (
			);
			dependencies = (
			);
			name = Mr.GoodBean;
			packageProductDependencies = (
				7D138EC72ABAE63D00743828 /* FirebaseAnalytics */,
				7D138EC92ABAE63D00743828 /* FirebaseAnalyticsSwift */,
				7D138ECB2ABAE63D00743828 /* FirebaseAnalyticsWithoutAdIdSupport */,
				7D138ECD2ABAE63D00743828 /* FirebaseDatabase */,
				7D138ECF2ABAE63D00743828 /* FirebaseDatabaseSwift */,
			);
			productName = Mr.GoodBean;
			productReference = 7D6575A02AA9B6A000245E7E /* Mr.GoodBean.app */;
			productType = "com.apple.product-type.application";
		};
/* End PBXNativeTarget section */

/* Begin PBXProject section */
		7D6575982AA9B6A000245E7E /* Project object */ = {
			isa = PBXProject;
			attributes = {
				BuildIndependentTargetsInParallel = 1;
				LastSwiftUpdateCheck = 1420;
				LastUpgradeCheck = 1420;
				TargetAttributes = {
					7D65759F2AA9B6A000245E7E = {
						CreatedOnToolsVersion = 14.2;
					};
				};
			};
			buildConfigurationList = 7D65759B2AA9B6A000245E7E /* Build configuration list for PBXProject "Mr.GoodBean" */;
			compatibilityVersion = "Xcode 14.0";
			developmentRegion = en;
			hasScannedForEncodings = 0;
			knownRegions = (
				en,
				Base,
			);
			mainGroup = 7D6575972AA9B6A000245E7E;
			packageReferences = (
				7D138EC62ABAE63D00743828 /* XCRemoteSwiftPackageReference "firebase-ios-sdk" */,
			);
			productRefGroup = 7D6575A12AA9B6A000245E7E /* Products */;
			projectDirPath = "";
			projectRoot = "";
			targets = (
				7D65759F2AA9B6A000245E7E /* Mr.GoodBean */,
			);
		};
/* End PBXProject section */

/* Begin PBXResourcesBuildPhase section */
		7D65759E2AA9B6A000245E7E /* Resources */ = {
			isa = PBXResourcesBuildPhase;
			buildActionMask = 2147483647;
			files = (
				7D6575B02AA9B6A400245E7E /* LaunchScreen.storyboard in Resources */,
				7DB873032AC7DBC2002A10E8 /* product2.png in Resources */,
				7DB873012AC551C1002A10E8 /* product1.jpeg in Resources */,
				7DCE5DBA2AB940C600EBF851 /* women.jpg in Resources */,
				7D6575AD2AA9B6A400245E7E /* Assets.xcassets in Resources */,
				7DB873092AC7EC91002A10E8 /* Roy&Wong.jpg in Resources */,
				7DCE5DB52AB9381100EBF851 /* white_cat_and_dog.jpg in Resources */,
				7DB873082AC7EC91002A10E8 /* RoyYa.jpg in Resources */,
				7DCE5DB72AB9382300EBF851 /* Genshin_activate.jpeg in Resources */,
				7DB872FF2AC55147002A10E8 /* coffeeShop.jpg in Resources */,
				7D6575AB2AA9B6A000245E7E /* Main.storyboard in Resources */,
				7D138EC52ABAE51500743828 /* GoogleService-Info.plist in Resources */,
				7DB873072AC7EC91002A10E8 /* RoyHappy.jpg in Resources */,
			);
			runOnlyForDeploymentPostprocessing = 0;
		};
/* End PBXResourcesBuildPhase section */

/* Begin PBXSourcesBuildPhase section */
		7D65759C2AA9B6A000245E7E /* Sources */ = {
			isa = PBXSourcesBuildPhase;
			buildActionMask = 2147483647;
			files = (
				7DE39CAD2AAFFE9600B4A5E9 /* Login.swift in Sources */,
				7D6575A82AA9B6A000245E7E /* TestViewController.swift in Sources */,
				7D6575A42AA9B6A000245E7E /* AppDelegate.swift in Sources */,
				7D138ED22ABC1F6F00743828 /* PurchaseView.swift in Sources */,
				7D138ED82ABC537100743828 /* AnimateTransition.swift in Sources */,
				7DE39CAB2AAF040000B4A5E9 /* DataFromFireBase.swift in Sources */,
				7D138EDA2ABC545500743828 /* AnimateController.swift in Sources */,
				7D138ED42ABC339000743828 /* PurchaseVC.swift in Sources */,
				7D6575A62AA9B6A000245E7E /* SceneDelegate.swift in Sources */,
				7DCE5DBC2AB944B300EBF851 /* ProductDetailVC.swift in Sources */,
				7DB8730D2AC819E9002A10E8 /* TestDownloadVC.swift in Sources */,
				7D6575C82AA9BFF400245E7E /* StoreDetailVC.swift in Sources */,
				7D138ED62ABC506000743828 /* TestVC.swift in Sources */,
				7D915BCA2AAAFC9000910D5C /* FirebaseCRUD.swift in Sources */,
			);
			runOnlyForDeploymentPostprocessing = 0;
		};
/* End PBXSourcesBuildPhase section */

/* Begin PBXVariantGroup section */
		7D6575A92AA9B6A000245E7E /* Main.storyboard */ = {
			isa = PBXVariantGroup;
			children = (
				7D6575AA2AA9B6A000245E7E /* Base */,
			);
			name = Main.storyboard;
			sourceTree = "<group>";
		};
		7D6575AE2AA9B6A400245E7E /* LaunchScreen.storyboard */ = {
			isa = PBXVariantGroup;
			children = (
				7D6575AF2AA9B6A400245E7E /* Base */,
			);
			name = LaunchScreen.storyboard;
			sourceTree = "<group>";
		};
/* End PBXVariantGroup section */

/* Begin XCBuildConfiguration section */
		7D6575B22AA9B6A400245E7E /* Debug */ = {
			isa = XCBuildConfiguration;
			buildSettings = {
				ALWAYS_SEARCH_USER_PATHS = NO;
				CLANG_ANALYZER_NONNULL = YES;
				CLANG_ANALYZER_NUMBER_OBJECT_CONVERSION = YES_AGGRESSIVE;
				CLANG_CXX_LANGUAGE_STANDARD = "gnu++20";
				CLANG_ENABLE_MODULES = YES;
				CLANG_ENABLE_OBJC_ARC = YES;
				CLANG_ENABLE_OBJC_WEAK = YES;
				CLANG_WARN_BLOCK_CAPTURE_AUTORELEASING = YES;
				CLANG_WARN_BOOL_CONVERSION = YES;
				CLANG_WARN_COMMA = YES;
				CLANG_WARN_CONSTANT_CONVERSION = YES;
				CLANG_WARN_DEPRECATED_OBJC_IMPLEMENTATIONS = YES;
				CLANG_WARN_DIRECT_OBJC_ISA_USAGE = YES_ERROR;
				CLANG_WARN_DOCUMENTATION_COMMENTS = YES;
				CLANG_WARN_EMPTY_BODY = YES;
				CLANG_WARN_ENUM_CONVERSION = YES;
				CLANG_WARN_INFINITE_RECURSION = YES;
				CLANG_WARN_INT_CONVERSION = YES;
				CLANG_WARN_NON_LITERAL_NULL_CONVERSION = YES;
				CLANG_WARN_OBJC_IMPLICIT_RETAIN_SELF = YES;
				CLANG_WARN_OBJC_LITERAL_CONVERSION = YES;
				CLANG_WARN_OBJC_ROOT_CLASS = YES_ERROR;
				CLANG_WARN_QUOTED_INCLUDE_IN_FRAMEWORK_HEADER = YES;
				CLANG_WARN_RANGE_LOOP_ANALYSIS = YES;
				CLANG_WARN_STRICT_PROTOTYPES = YES;
				CLANG_WARN_SUSPICIOUS_MOVE = YES;
				CLANG_WARN_UNGUARDED_AVAILABILITY = YES_AGGRESSIVE;
				CLANG_WARN_UNREACHABLE_CODE = YES;
				CLANG_WARN__DUPLICATE_METHOD_MATCH = YES;
				COPY_PHASE_STRIP = NO;
				DEBUG_INFORMATION_FORMAT = dwarf;
				ENABLE_STRICT_OBJC_MSGSEND = YES;
				ENABLE_TESTABILITY = YES;
				GCC_C_LANGUAGE_STANDARD = gnu11;
				GCC_DYNAMIC_NO_PIC = NO;
				GCC_NO_COMMON_BLOCKS = YES;
				GCC_OPTIMIZATION_LEVEL = 0;
				GCC_PREPROCESSOR_DEFINITIONS = (
					"DEBUG=1",
					"$(inherited)",
				);
				GCC_WARN_64_TO_32_BIT_CONVERSION = YES;
				GCC_WARN_ABOUT_RETURN_TYPE = YES_ERROR;
				GCC_WARN_UNDECLARED_SELECTOR = YES;
				GCC_WARN_UNINITIALIZED_AUTOS = YES_AGGRESSIVE;
				GCC_WARN_UNUSED_FUNCTION = YES;
				GCC_WARN_UNUSED_VARIABLE = YES;
				IPHONEOS_DEPLOYMENT_TARGET = 16.2;
				MTL_ENABLE_DEBUG_INFO = INCLUDE_SOURCE;
				MTL_FAST_MATH = YES;
				ONLY_ACTIVE_ARCH = YES;
				SDKROOT = iphoneos;
				SWIFT_ACTIVE_COMPILATION_CONDITIONS = DEBUG;
				SWIFT_OPTIMIZATION_LEVEL = "-Onone";
			};
			name = Debug;
		};
		7D6575B32AA9B6A400245E7E /* Release */ = {
			isa = XCBuildConfiguration;
			buildSettings = {
				ALWAYS_SEARCH_USER_PATHS = NO;
				CLANG_ANALYZER_NONNULL = YES;
				CLANG_ANALYZER_NUMBER_OBJECT_CONVERSION = YES_AGGRESSIVE;
				CLANG_CXX_LANGUAGE_STANDARD = "gnu++20";
				CLANG_ENABLE_MODULES = YES;
				CLANG_ENABLE_OBJC_ARC = YES;
				CLANG_ENABLE_OBJC_WEAK = YES;
				CLANG_WARN_BLOCK_CAPTURE_AUTORELEASING = YES;
				CLANG_WARN_BOOL_CONVERSION = YES;
				CLANG_WARN_COMMA = YES;
				CLANG_WARN_CONSTANT_CONVERSION = YES;
				CLANG_WARN_DEPRECATED_OBJC_IMPLEMENTATIONS = YES;
				CLANG_WARN_DIRECT_OBJC_ISA_USAGE = YES_ERROR;
				CLANG_WARN_DOCUMENTATION_COMMENTS = YES;
				CLANG_WARN_EMPTY_BODY = YES;
				CLANG_WARN_ENUM_CONVERSION = YES;
				CLANG_WARN_INFINITE_RECURSION = YES;
				CLANG_WARN_INT_CONVERSION = YES;
				CLANG_WARN_NON_LITERAL_NULL_CONVERSION = YES;
				CLANG_WARN_OBJC_IMPLICIT_RETAIN_SELF = YES;
				CLANG_WARN_OBJC_LITERAL_CONVERSION = YES;
				CLANG_WARN_OBJC_ROOT_CLASS = YES_ERROR;
				CLANG_WARN_QUOTED_INCLUDE_IN_FRAMEWORK_HEADER = YES;
				CLANG_WARN_RANGE_LOOP_ANALYSIS = YES;
				CLANG_WARN_STRICT_PROTOTYPES = YES;
				CLANG_WARN_SUSPICIOUS_MOVE = YES;
				CLANG_WARN_UNGUARDED_AVAILABILITY = YES_AGGRESSIVE;
				CLANG_WARN_UNREACHABLE_CODE = YES;
				CLANG_WARN__DUPLICATE_METHOD_MATCH = YES;
				COPY_PHASE_STRIP = NO;
				DEBUG_INFORMATION_FORMAT = "dwarf-with-dsym";
				ENABLE_NS_ASSERTIONS = NO;
				ENABLE_STRICT_OBJC_MSGSEND = YES;
				GCC_C_LANGUAGE_STANDARD = gnu11;
				GCC_NO_COMMON_BLOCKS = YES;
				GCC_WARN_64_TO_32_BIT_CONVERSION = YES;
				GCC_WARN_ABOUT_RETURN_TYPE = YES_ERROR;
				GCC_WARN_UNDECLARED_SELECTOR = YES;
				GCC_WARN_UNINITIALIZED_AUTOS = YES_AGGRESSIVE;
				GCC_WARN_UNUSED_FUNCTION = YES;
				GCC_WARN_UNUSED_VARIABLE = YES;
				IPHONEOS_DEPLOYMENT_TARGET = 16.2;
				MTL_ENABLE_DEBUG_INFO = NO;
				MTL_FAST_MATH = YES;
				SDKROOT = iphoneos;
				SWIFT_COMPILATION_MODE = wholemodule;
				SWIFT_OPTIMIZATION_LEVEL = "-O";
				VALIDATE_PRODUCT = YES;
			};
			name = Release;
		};
		7D6575B52AA9B6A400245E7E /* Debug */ = {
			isa = XCBuildConfiguration;
			buildSettings = {
				ASSETCATALOG_COMPILER_APPICON_NAME = AppIcon;
				ASSETCATALOG_COMPILER_GLOBAL_ACCENT_COLOR_NAME = AccentColor;
				CODE_SIGN_STYLE = Automatic;
				CURRENT_PROJECT_VERSION = 1;
				DEVELOPMENT_TEAM = 5M4ZRVCRT8;
				GENERATE_INFOPLIST_FILE = YES;
				INFOPLIST_FILE = Mr.GoodBean/Info.plist;
				INFOPLIST_KEY_UIApplicationSupportsIndirectInputEvents = YES;
				INFOPLIST_KEY_UILaunchStoryboardName = LaunchScreen;
				INFOPLIST_KEY_UIMainStoryboardFile = Main;
				INFOPLIST_KEY_UISupportedInterfaceOrientations_iPad = "UIInterfaceOrientationPortrait UIInterfaceOrientationPortraitUpsideDown UIInterfaceOrientationLandscapeLeft UIInterfaceOrientationLandscapeRight";
				INFOPLIST_KEY_UISupportedInterfaceOrientations_iPhone = "UIInterfaceOrientationPortrait UIInterfaceOrientationLandscapeLeft UIInterfaceOrientationLandscapeRight";
				LD_RUNPATH_SEARCH_PATHS = (
					"$(inherited)",
					"@executable_path/Frameworks",
				);
				MARKETING_VERSION = 1.0;
				PRODUCT_BUNDLE_IDENTIFIER = "tw.com.Mr-GoodBean";
				PRODUCT_NAME = "$(TARGET_NAME)";
				SWIFT_EMIT_LOC_STRINGS = YES;
				SWIFT_VERSION = 5.0;
				TARGETED_DEVICE_FAMILY = "1,2";
			};
			name = Debug;
		};
		7D6575B62AA9B6A400245E7E /* Release */ = {
			isa = XCBuildConfiguration;
			buildSettings = {
				ASSETCATALOG_COMPILER_APPICON_NAME = AppIcon;
				ASSETCATALOG_COMPILER_GLOBAL_ACCENT_COLOR_NAME = AccentColor;
				CODE_SIGN_STYLE = Automatic;
				CURRENT_PROJECT_VERSION = 1;
				DEVELOPMENT_TEAM = 5M4ZRVCRT8;
				GENERATE_INFOPLIST_FILE = YES;
				INFOPLIST_FILE = Mr.GoodBean/Info.plist;
				INFOPLIST_KEY_UIApplicationSupportsIndirectInputEvents = YES;
				INFOPLIST_KEY_UILaunchStoryboardName = LaunchScreen;
				INFOPLIST_KEY_UIMainStoryboardFile = Main;
				INFOPLIST_KEY_UISupportedInterfaceOrientations_iPad = "UIInterfaceOrientationPortrait UIInterfaceOrientationPortraitUpsideDown UIInterfaceOrientationLandscapeLeft UIInterfaceOrientationLandscapeRight";
				INFOPLIST_KEY_UISupportedInterfaceOrientations_iPhone = "UIInterfaceOrientationPortrait UIInterfaceOrientationLandscapeLeft UIInterfaceOrientationLandscapeRight";
				LD_RUNPATH_SEARCH_PATHS = (
					"$(inherited)",
					"@executable_path/Frameworks",
				);
				MARKETING_VERSION = 1.0;
				PRODUCT_BUNDLE_IDENTIFIER = "tw.com.Mr-GoodBean";
				PRODUCT_NAME = "$(TARGET_NAME)";
				SWIFT_EMIT_LOC_STRINGS = YES;
				SWIFT_VERSION = 5.0;
				TARGETED_DEVICE_FAMILY = "1,2";
			};
			name = Release;
		};
/* End XCBuildConfiguration section */

/* Begin XCConfigurationList section */
		7D65759B2AA9B6A000245E7E /* Build configuration list for PBXProject "Mr.GoodBean" */ = {
			isa = XCConfigurationList;
			buildConfigurations = (
				7D6575B22AA9B6A400245E7E /* Debug */,
				7D6575B32AA9B6A400245E7E /* Release */,
			);
			defaultConfigurationIsVisible = 0;
			defaultConfigurationName = Release;
		};
		7D6575B42AA9B6A400245E7E /* Build configuration list for PBXNativeTarget "Mr.GoodBean" */ = {
			isa = XCConfigurationList;
			buildConfigurations = (
				7D6575B52AA9B6A400245E7E /* Debug */,
				7D6575B62AA9B6A400245E7E /* Release */,
			);
			defaultConfigurationIsVisible = 0;
			defaultConfigurationName = Release;
		};
/* End XCConfigurationList section */

/* Begin XCRemoteSwiftPackageReference section */
		7D138EC62ABAE63D00743828 /* XCRemoteSwiftPackageReference "firebase-ios-sdk" */ = {
			isa = XCRemoteSwiftPackageReference;
			repositoryURL = "https://github.com/firebase/firebase-ios-sdk";
			requirement = {
				branch = master;
				kind = branch;
			};
		};
/* End XCRemoteSwiftPackageReference section */

/* Begin XCSwiftPackageProductDependency section */
		7D138EC72ABAE63D00743828 /* FirebaseAnalytics */ = {
			isa = XCSwiftPackageProductDependency;
			package = 7D138EC62ABAE63D00743828 /* XCRemoteSwiftPackageReference "firebase-ios-sdk" */;
			productName = FirebaseAnalytics;
		};
		7D138EC92ABAE63D00743828 /* FirebaseAnalyticsSwift */ = {
			isa = XCSwiftPackageProductDependency;
			package = 7D138EC62ABAE63D00743828 /* XCRemoteSwiftPackageReference "firebase-ios-sdk" */;
			productName = FirebaseAnalyticsSwift;
		};
		7D138ECB2ABAE63D00743828 /* FirebaseAnalyticsWithoutAdIdSupport */ = {
			isa = XCSwiftPackageProductDependency;
			package = 7D138EC62ABAE63D00743828 /* XCRemoteSwiftPackageReference "firebase-ios-sdk" */;
			productName = FirebaseAnalyticsWithoutAdIdSupport;
		};
		7D138ECD2ABAE63D00743828 /* FirebaseDatabase */ = {
			isa = XCSwiftPackageProductDependency;
			package = 7D138EC62ABAE63D00743828 /* XCRemoteSwiftPackageReference "firebase-ios-sdk" */;
			productName = FirebaseDatabase;
		};
		7D138ECF2ABAE63D00743828 /* FirebaseDatabaseSwift */ = {
			isa = XCSwiftPackageProductDependency;
			package = 7D138EC62ABAE63D00743828 /* XCRemoteSwiftPackageReference "firebase-ios-sdk" */;
			productName = FirebaseDatabaseSwift;
		};
/* End XCSwiftPackageProductDependency section */
	};
	rootObject = 7D6575982AA9B6A000245E7E /* Project object */;
}
